
Microsoft Visual Studio Solution File, Format Version 12.00
# Visual Studio Version 17
VisualStudioVersion = 17.14.36717.8 d17.14
MinimumVisualStudioVersion = 10.0.40219.1
Project("{FAE04EC0-301F-11D3-BF4B-00C04F79EFBC}") = "DealManager", "DealManager\DealManager.csproj", "{954001DF-8A38-44F0-8ED6-CD284ABD200E}"
EndProject
Global
	GlobalSection(SolutionConfigurationPlatforms) = preSolution
		Debug|Any CPU = Debug|Any CPU
		Release|Any CPU = Release|Any CPU
	EndGlobalSection
	GlobalSection(ProjectConfigurationPlatforms) = postSolution
		{954001DF-8A38-44F0-8ED6-CD284ABD200E}.Debug|Any CPU.ActiveCfg = Debug|Any CPU
		{954001DF-8A38-44F0-8ED6-CD284ABD200E}.Debug|Any CPU.Build.0 = Debug|Any CPU
		{954001DF-8A38-44F0-8ED6-CD284ABD200E}.Release|Any CPU.ActiveCfg = Release|Any CPU
		{954001DF-8A38-44F0-8ED6-CD284ABD200E}.Release|Any CPU.Build.0 = Release|Any CPU
	EndGlobalSection
	GlobalSection(SolutionProperties) = preSolution
		HideSolutionNode = FALSE
	EndGlobalSection
	GlobalSection(ExtensibilityGlobals) = postSolution
		SolutionGuid = {673192D0-8AD4-44F7-AE97-741C759679F7}
	EndGlobalSection
EndGlobal
